// !$*UTF8*$!
{
	archiveVersion = 1;
	classes = {
	};
	objectVersion = 50;
	objects = {

/* Begin PBXBuildFile section */
		49519F5E2589B24100CF9E4F /* FructusApp.swift in Sources */ = {isa = PBXBuildFile; fileRef = 49519F5D2589B24100CF9E4F /* FructusApp.swift */; };
		49519F602589B24100CF9E4F /* ContentView.swift in Sources */ = {isa = PBXBuildFile; fileRef = 49519F5F2589B24100CF9E4F /* ContentView.swift */; };
		49519F622589B24100CF9E4F /* Assets.xcassets in Resources */ = {isa = PBXBuildFile; fileRef = 49519F612589B24100CF9E4F /* Assets.xcassets */; };
		49519F652589B24100CF9E4F /* Preview Assets.xcassets in Resources */ = {isa = PBXBuildFile; fileRef = 49519F642589B24100CF9E4F /* Preview Assets.xcassets */; };
		49519F752589C8CE00CF9E4F /* FruitCardView.swift in Sources */ = {isa = PBXBuildFile; fileRef = 49519F742589C8CE00CF9E4F /* FruitCardView.swift */; };
		49519F782589D4F400CF9E4F /* StartButtonView.swift in Sources */ = {isa = PBXBuildFile; fileRef = 49519F772589D4F400CF9E4F /* StartButtonView.swift */; };
		49AA78DB2590279F00B45E77 /* OnboardingView.swift in Sources */ = {isa = PBXBuildFile; fileRef = 49AA78DA2590279F00B45E77 /* OnboardingView.swift */; };
		49AA78E3259029C400B45E77 /* FruitModel.swift in Sources */ = {isa = PBXBuildFile; fileRef = 49AA78E2259029C400B45E77 /* FruitModel.swift */; };
		49AA78E725902AD300B45E77 /* FruitData.swift in Sources */ = {isa = PBXBuildFile; fileRef = 49AA78E625902AD300B45E77 /* FruitData.swift */; };
		49AA78EA2590365E00B45E77 /* FruitRowView.swift in Sources */ = {isa = PBXBuildFile; fileRef = 49AA78E92590365E00B45E77 /* FruitRowView.swift */; };
		49AA78ED25903E9000B45E77 /* FruitDetailView.swift in Sources */ = {isa = PBXBuildFile; fileRef = 49AA78EC25903E9000B45E77 /* FruitDetailView.swift */; };
		49AA78F0259041E200B45E77 /* FruitHeaderView.swift in Sources */ = {isa = PBXBuildFile; fileRef = 49AA78EF259041E200B45E77 /* FruitHeaderView.swift */; };
		49AA78F3259044F400B45E77 /* SourceLinkView.swift in Sources */ = {isa = PBXBuildFile; fileRef = 49AA78F2259044F400B45E77 /* SourceLinkView.swift */; };
		49AA78F62590506900B45E77 /* FruitNutrientsView.swift in Sources */ = {isa = PBXBuildFile; fileRef = 49AA78F52590506900B45E77 /* FruitNutrientsView.swift */; };
		49F455DF25A5571E00B97A58 /* SettingsView.swift in Sources */ = {isa = PBXBuildFile; fileRef = 49F455DE25A5571E00B97A58 /* SettingsView.swift */; };
		49F455E225A560C100B97A58 /* SettingsLabelView.swift in Sources */ = {isa = PBXBuildFile; fileRef = 49F455E125A560C100B97A58 /* SettingsLabelView.swift */; };
/* End PBXBuildFile section */

/* Begin PBXFileReference section */
		49519F5A2589B24100CF9E4F /* Fructus.app */ = {isa = PBXFileReference; explicitFileType = wrapper.application; includeInIndex = 0; path = Fructus.app; sourceTree = BUILT_PRODUCTS_DIR; };
		49519F5D2589B24100CF9E4F /* FructusApp.swift */ = {isa = PBXFileReference; lastKnownFileType = sourcecode.swift; path = FructusApp.swift; sourceTree = "<group>"; };
		49519F5F2589B24100CF9E4F /* ContentView.swift */ = {isa = PBXFileReference; lastKnownFileType = sourcecode.swift; path = ContentView.swift; sourceTree = "<group>"; };
		49519F612589B24100CF9E4F /* Assets.xcassets */ = {isa = PBXFileReference; lastKnownFileType = folder.assetcatalog; path = Assets.xcassets; sourceTree = "<group>"; };
		49519F642589B24100CF9E4F /* Preview Assets.xcassets */ = {isa = PBXFileReference; lastKnownFileType = folder.assetcatalog; path = "Preview Assets.xcassets"; sourceTree = "<group>"; };
		49519F662589B24100CF9E4F /* Info.plist */ = {isa = PBXFileReference; lastKnownFileType = text.plist.xml; path = Info.plist; sourceTree = "<group>"; };
		49519F742589C8CE00CF9E4F /* FruitCardView.swift */ = {isa = PBXFileReference; lastKnownFileType = sourcecode.swift; path = FruitCardView.swift; sourceTree = "<group>"; };
		49519F772589D4F400CF9E4F /* StartButtonView.swift */ = {isa = PBXFileReference; lastKnownFileType = sourcecode.swift; path = StartButtonView.swift; sourceTree = "<group>"; };
		49AA78DA2590279F00B45E77 /* OnboardingView.swift */ = {isa = PBXFileReference; lastKnownFileType = sourcecode.swift; path = OnboardingView.swift; sourceTree = "<group>"; };
		49AA78E2259029C400B45E77 /* FruitModel.swift */ = {isa = PBXFileReference; lastKnownFileType = sourcecode.swift; path = FruitModel.swift; sourceTree = "<group>"; };
		49AA78E625902AD300B45E77 /* FruitData.swift */ = {isa = PBXFileReference; lastKnownFileType = sourcecode.swift; path = FruitData.swift; sourceTree = "<group>"; };
		49AA78E92590365E00B45E77 /* FruitRowView.swift */ = {isa = PBXFileReference; lastKnownFileType = sourcecode.swift; path = FruitRowView.swift; sourceTree = "<group>"; };
		49AA78EC25903E9000B45E77 /* FruitDetailView.swift */ = {isa = PBXFileReference; lastKnownFileType = sourcecode.swift; path = FruitDetailView.swift; sourceTree = "<group>"; };
		49AA78EF259041E200B45E77 /* FruitHeaderView.swift */ = {isa = PBXFileReference; lastKnownFileType = sourcecode.swift; path = FruitHeaderView.swift; sourceTree = "<group>"; };
		49AA78F2259044F400B45E77 /* SourceLinkView.swift */ = {isa = PBXFileReference; lastKnownFileType = sourcecode.swift; path = SourceLinkView.swift; sourceTree = "<group>"; };
		49AA78F52590506900B45E77 /* FruitNutrientsView.swift */ = {isa = PBXFileReference; lastKnownFileType = sourcecode.swift; path = FruitNutrientsView.swift; sourceTree = "<group>"; };
		49F455DE25A5571E00B97A58 /* SettingsView.swift */ = {isa = PBXFileReference; lastKnownFileType = sourcecode.swift; path = SettingsView.swift; sourceTree = "<group>"; };
		49F455E125A560C100B97A58 /* SettingsLabelView.swift */ = {isa = PBXFileReference; lastKnownFileType = sourcecode.swift; path = SettingsLabelView.swift; sourceTree = "<group>"; };
/* End PBXFileReference section */

/* Begin PBXFrameworksBuildPhase section */
		49519F572589B24100CF9E4F /* Frameworks */ = {
			isa = PBXFrameworksBuildPhase;
			buildActionMask = 2147483647;
			files = (
			);
			runOnlyForDeploymentPostprocessing = 0;
		};
/* End PBXFrameworksBuildPhase section */

/* Begin PBXGroup section */
		49519F512589B24100CF9E4F = {
			isa = PBXGroup;
			children = (
				49519F5C2589B24100CF9E4F /* Fructus */,
				49519F5B2589B24100CF9E4F /* Products */,
			);
			sourceTree = "<group>";
		};
		49519F5B2589B24100CF9E4F /* Products */ = {
			isa = PBXGroup;
			children = (
				49519F5A2589B24100CF9E4F /* Fructus.app */,
			);
			name = Products;
			sourceTree = "<group>";
		};
		49519F5C2589B24100CF9E4F /* Fructus */ = {
			isa = PBXGroup;
			children = (
				49AA78E525902ABE00B45E77 /* Data */,
				49AA78DD2590297F00B45E77 /* Model */,
				49519F732589C87F00CF9E4F /* View */,
				49519F712589C85000CF9E4F /* App */,
				49519F612589B24100CF9E4F /* Assets.xcassets */,
				49519F662589B24100CF9E4F /* Info.plist */,
				49519F632589B24100CF9E4F /* Preview Content */,
			);
			path = Fructus;
			sourceTree = "<group>";
		};
		49519F632589B24100CF9E4F /* Preview Content */ = {
			isa = PBXGroup;
			children = (
				49519F642589B24100CF9E4F /* Preview Assets.xcassets */,
			);
			path = "Preview Content";
			sourceTree = "<group>";
		};
		49519F712589C85000CF9E4F /* App */ = {
			isa = PBXGroup;
			children = (
				49519F5D2589B24100CF9E4F /* FructusApp.swift */,
				49519F5F2589B24100CF9E4F /* ContentView.swift */,
				49AA78DA2590279F00B45E77 /* OnboardingView.swift */,
				49AA78EC25903E9000B45E77 /* FruitDetailView.swift */,
				49F455DE25A5571E00B97A58 /* SettingsView.swift */,
			);
			path = App;
			sourceTree = "<group>";
		};
		49519F732589C87F00CF9E4F /* View */ = {
			isa = PBXGroup;
			children = (
				49519F742589C8CE00CF9E4F /* FruitCardView.swift */,
				49519F772589D4F400CF9E4F /* StartButtonView.swift */,
				49AA78E92590365E00B45E77 /* FruitRowView.swift */,
				49AA78EF259041E200B45E77 /* FruitHeaderView.swift */,
				49AA78F2259044F400B45E77 /* SourceLinkView.swift */,
				49AA78F52590506900B45E77 /* FruitNutrientsView.swift */,
				49F455E125A560C100B97A58 /* SettingsLabelView.swift */,
			);
			path = View;
			sourceTree = "<group>";
		};
		49AA78DD2590297F00B45E77 /* Model */ = {
			isa = PBXGroup;
			children = (
				49AA78E2259029C400B45E77 /* FruitModel.swift */,
			);
			path = Model;
			sourceTree = "<group>";
		};
		49AA78E525902ABE00B45E77 /* Data */ = {
			isa = PBXGroup;
			children = (
				49AA78E625902AD300B45E77 /* FruitData.swift */,
			);
			path = Data;
			sourceTree = "<group>";
		};
/* End PBXGroup section */

/* Begin PBXNativeTarget section */
		49519F592589B24100CF9E4F /* Fructus */ = {
			isa = PBXNativeTarget;
			buildConfigurationList = 49519F692589B24100CF9E4F /* Build configuration list for PBXNativeTarget "Fructus" */;
			buildPhases = (
				49519F562589B24100CF9E4F /* Sources */,
				49519F572589B24100CF9E4F /* Frameworks */,
				49519F582589B24100CF9E4F /* Resources */,
			);
			buildRules = (
			);
			dependencies = (
			);
			name = Fructus;
			productName = Fructus;
			productReference = 49519F5A2589B24100CF9E4F /* Fructus.app */;
			productType = "com.apple.product-type.application";
		};
/* End PBXNativeTarget section */

/* Begin PBXProject section */
		49519F522589B24100CF9E4F /* Project object */ = {
			isa = PBXProject;
			attributes = {
				LastSwiftUpdateCheck = 1230;
				LastUpgradeCheck = 1230;
				TargetAttributes = {
					49519F592589B24100CF9E4F = {
						CreatedOnToolsVersion = 12.3;
					};
				};
			};
			buildConfigurationList = 49519F552589B24100CF9E4F /* Build configuration list for PBXProject "Fructus" */;
			compatibilityVersion = "Xcode 9.3";
			developmentRegion = en;
			hasScannedForEncodings = 0;
			knownRegions = (
				en,
				Base,
			);
			mainGroup = 49519F512589B24100CF9E4F;
			productRefGroup = 49519F5B2589B24100CF9E4F /* Products */;
			projectDirPath = "";
			projectRoot = "";
			targets = (
				49519F592589B24100CF9E4F /* Fructus */,
			);
		};
/* End PBXProject section */

/* Begin PBXResourcesBuildPhase section */
		49519F582589B24100CF9E4F /* Resources */ = {
			isa = PBXResourcesBuildPhase;
			buildActionMask = 2147483647;
			files = (
				49519F652589B24100CF9E4F /* Preview Assets.xcassets in Resources */,
				49519F622589B24100CF9E4F /* Assets.xcassets in Resources */,
			);
			runOnlyForDeploymentPostprocessing = 0;
		};
/* End PBXResourcesBuildPhase section */

/* Begin PBXSourcesBuildPhase section */
		49519F562589B24100CF9E4F /* Sources */ = {
			isa = PBXSourcesBuildPhase;
			buildActionMask = 2147483647;
			files = (
				49AA78E725902AD300B45E77 /* FruitData.swift in Sources */,
				49AA78F3259044F400B45E77 /* SourceLinkView.swift in Sources */,
				49519F752589C8CE00CF9E4F /* FruitCardView.swift in Sources */,
				49AA78EA2590365E00B45E77 /* FruitRowView.swift in Sources */,
				49AA78F62590506900B45E77 /* FruitNutrientsView.swift in Sources */,
				49519F782589D4F400CF9E4F /* StartButtonView.swift in Sources */,
				49AA78ED25903E9000B45E77 /* FruitDetailView.swift in Sources */,
				49519F602589B24100CF9E4F /* ContentView.swift in Sources */,
				49AA78F0259041E200B45E77 /* FruitHeaderView.swift in Sources */,
				49AA78DB2590279F00B45E77 /* OnboardingView.swift in Sources */,
				49F455E225A560C100B97A58 /* SettingsLabelView.swift in Sources */,
				49AA78E3259029C400B45E77 /* FruitModel.swift in Sources */,
				49519F5E2589B24100CF9E4F /* FructusApp.swift in Sources */,
				49F455DF25A5571E00B97A58 /* SettingsView.swift in Sources */,
			);
			runOnlyForDeploymentPostprocessing = 0;
		};
/* End PBXSourcesBuildPhase section */

/* Begin XCBuildConfiguration section */
		49519F672589B24100CF9E4F /* Debug */ = {
			isa = XCBuildConfiguration;
			buildSettings = {
				ALWAYS_SEARCH_USER_PATHS = NO;
				CLANG_ANALYZER_NONNULL = YES;
				CLANG_ANALYZER_NUMBER_OBJECT_CONVERSION = YES_AGGRESSIVE;
				CLANG_CXX_LANGUAGE_STANDARD = "gnu++14";
				CLANG_CXX_LIBRARY = "libc++";
				CLANG_ENABLE_MODULES = YES;
				CLANG_ENABLE_OBJC_ARC = YES;
				CLANG_ENABLE_OBJC_WEAK = YES;
				CLANG_WARN_BLOCK_CAPTURE_AUTORELEASING = YES;
				CLANG_WARN_BOOL_CONVERSION = YES;
				CLANG_WARN_COMMA = YES;
				CLANG_WARN_CONSTANT_CONVERSION = YES;
				CLANG_WARN_DEPRECATED_OBJC_IMPLEMENTATIONS = YES;
				CLANG_WARN_DIRECT_OBJC_ISA_USAGE = YES_ERROR;
				CLANG_WARN_DOCUMENTATION_COMMENTS = YES;
				CLANG_WARN_EMPTY_BODY = YES;
				CLANG_WARN_ENUM_CONVERSION = YES;
				CLANG_WARN_INFINITE_RECURSION = YES;
				CLANG_WARN_INT_CONVERSION = YES;
				CLANG_WARN_NON_LITERAL_NULL_CONVERSION = YES;
				CLANG_WARN_OBJC_IMPLICIT_RETAIN_SELF = YES;
				CLANG_WARN_OBJC_LITERAL_CONVERSION = YES;
				CLANG_WARN_OBJC_ROOT_CLASS = YES_ERROR;
				CLANG_WARN_QUOTED_INCLUDE_IN_FRAMEWORK_HEADER = YES;
				CLANG_WARN_RANGE_LOOP_ANALYSIS = YES;
				CLANG_WARN_STRICT_PROTOTYPES = YES;
				CLANG_WARN_SUSPICIOUS_MOVE = YES;
				CLANG_WARN_UNGUARDED_AVAILABILITY = YES_AGGRESSIVE;
				CLANG_WARN_UNREACHABLE_CODE = YES;
				CLANG_WARN__DUPLICATE_METHOD_MATCH = YES;
				COPY_PHASE_STRIP = NO;
				DEBUG_INFORMATION_FORMAT = dwarf;
				ENABLE_STRICT_OBJC_MSGSEND = YES;
				ENABLE_TESTABILITY = YES;
				GCC_C_LANGUAGE_STANDARD = gnu11;
				GCC_DYNAMIC_NO_PIC = NO;
				GCC_NO_COMMON_BLOCKS = YES;
				GCC_OPTIMIZATION_LEVEL = 0;
				GCC_PREPROCESSOR_DEFINITIONS = (
					"DEBUG=1",
					"$(inherited)",
				);
				GCC_WARN_64_TO_32_BIT_CONVERSION = YES;
				GCC_WARN_ABOUT_RETURN_TYPE = YES_ERROR;
				GCC_WARN_UNDECLARED_SELECTOR = YES;
				GCC_WARN_UNINITIALIZED_AUTOS = YES_AGGRESSIVE;
				GCC_WARN_UNUSED_FUNCTION = YES;
				GCC_WARN_UNUSED_VARIABLE = YES;
				IPHONEOS_DEPLOYMENT_TARGET = 14.3;
				MTL_ENABLE_DEBUG_INFO = INCLUDE_SOURCE;
				MTL_FAST_MATH = YES;
				ONLY_ACTIVE_ARCH = YES;
				SDKROOT = iphoneos;
				SWIFT_ACTIVE_COMPILATION_CONDITIONS = DEBUG;
				SWIFT_OPTIMIZATION_LEVEL = "-Onone";
			};
			name = Debug;
		};
		49519F682589B24100CF9E4F /* Release */ = {
			isa = XCBuildConfiguration;
			buildSettings = {
				ALWAYS_SEARCH_USER_PATHS = NO;
				CLANG_ANALYZER_NONNULL = YES;
				CLANG_ANALYZER_NUMBER_OBJECT_CONVERSION = YES_AGGRESSIVE;
				CLANG_CXX_LANGUAGE_STANDARD = "gnu++14";
				CLANG_CXX_LIBRARY = "libc++";
				CLANG_ENABLE_MODULES = YES;
				CLANG_ENABLE_OBJC_ARC = YES;
				CLANG_ENABLE_OBJC_WEAK = YES;
				CLANG_WARN_BLOCK_CAPTURE_AUTORELEASING = YES;
				CLANG_WARN_BOOL_CONVERSION = YES;
				CLANG_WARN_COMMA = YES;
				CLANG_WARN_CONSTANT_CONVERSION = YES;
				CLANG_WARN_DEPRECATED_OBJC_IMPLEMENTATIONS = YES;
				CLANG_WARN_DIRECT_OBJC_ISA_USAGE = YES_ERROR;
				CLANG_WARN_DOCUMENTATION_COMMENTS = YES;
				CLANG_WARN_EMPTY_BODY = YES;
				CLANG_WARN_ENUM_CONVERSION = YES;
				CLANG_WARN_INFINITE_RECURSION = YES;
				CLANG_WARN_INT_CONVERSION = YES;
				CLANG_WARN_NON_LITERAL_NULL_CONVERSION = YES;
				CLANG_WARN_OBJC_IMPLICIT_RETAIN_SELF = YES;
				CLANG_WARN_OBJC_LITERAL_CONVERSION = YES;
				CLANG_WARN_OBJC_ROOT_CLASS = YES_ERROR;
				CLANG_WARN_QUOTED_INCLUDE_IN_FRAMEWORK_HEADER = YES;
				CLANG_WARN_RANGE_LOOP_ANALYSIS = YES;
				CLANG_WARN_STRICT_PROTOTYPES = YES;
				CLANG_WARN_SUSPICIOUS_MOVE = YES;
				CLANG_WARN_UNGUARDED_AVAILABILITY = YES_AGGRESSIVE;
				CLANG_WARN_UNREACHABLE_CODE = YES;
				CLANG_WARN__DUPLICATE_METHOD_MATCH = YES;
				COPY_PHASE_STRIP = NO;
				DEBUG_INFORMATION_FORMAT = "dwarf-with-dsym";
				ENABLE_NS_ASSERTIONS = NO;
				ENABLE_STRICT_OBJC_MSGSEND = YES;
				GCC_C_LANGUAGE_STANDARD = gnu11;
				GCC_NO_COMMON_BLOCKS = YES;
				GCC_WARN_64_TO_32_BIT_CONVERSION = YES;
				GCC_WARN_ABOUT_RETURN_TYPE = YES_ERROR;
				GCC_WARN_UNDECLARED_SELECTOR = YES;
				GCC_WARN_UNINITIALIZED_AUTOS = YES_AGGRESSIVE;
				GCC_WARN_UNUSED_FUNCTION = YES;
				GCC_WARN_UNUSED_VARIABLE = YES;
				IPHONEOS_DEPLOYMENT_TARGET = 14.3;
				MTL_ENABLE_DEBUG_INFO = NO;
				MTL_FAST_MATH = YES;
				SDKROOT = iphoneos;
				SWIFT_COMPILATION_MODE = wholemodule;
				SWIFT_OPTIMIZATION_LEVEL = "-O";
				VALIDATE_PRODUCT = YES;
			};
			name = Release;
		};
		49519F6A2589B24100CF9E4F /* Debug */ = {
			isa = XCBuildConfiguration;
			buildSettings = {
				ASSETCATALOG_COMPILER_APPICON_NAME = AppIcon;
				ASSETCATALOG_COMPILER_GLOBAL_ACCENT_COLOR_NAME = AccentColor;
				CODE_SIGN_STYLE = Automatic;
				DEVELOPMENT_ASSET_PATHS = "\"Fructus/Preview Content\"";
				DEVELOPMENT_TEAM = UYRNG87MVC;
				ENABLE_PREVIEWS = YES;
				INFOPLIST_FILE = Fructus/Info.plist;
				IPHONEOS_DEPLOYMENT_TARGET = 14.0;
				LD_RUNPATH_SEARCH_PATHS = (
					"$(inherited)",
					"@executable_path/Frameworks",
				);
				PRODUCT_BUNDLE_IDENTIFIER = dudenamedjune.Fructus;
				PRODUCT_NAME = "$(TARGET_NAME)";
				SWIFT_VERSION = 5.0;
				TARGETED_DEVICE_FAMILY = "1,2";
			};
			name = Debug;
		};
		49519F6B2589B24100CF9E4F /* Release */ = {
			isa = XCBuildConfiguration;
			buildSettings = {
				ASSETCATALOG_COMPILER_APPICON_NAME = AppIcon;
				ASSETCATALOG_COMPILER_GLOBAL_ACCENT_COLOR_NAME = AccentColor;
				CODE_SIGN_STYLE = Automatic;
				DEVELOPMENT_ASSET_PATHS = "\"Fructus/Preview Content\"";
				DEVELOPMENT_TEAM = UYRNG87MVC;
				ENABLE_PREVIEWS = YES;
				INFOPLIST_FILE = Fructus/Info.plist;
				IPHONEOS_DEPLOYMENT_TARGET = 14.0;
				LD_RUNPATH_SEARCH_PATHS = (
					"$(inherited)",
					"@executable_path/Frameworks",
				);
				PRODUCT_BUNDLE_IDENTIFIER = dudenamedjune.Fructus;
				PRODUCT_NAME = "$(TARGET_NAME)";
				SWIFT_VERSION = 5.0;
				TARGETED_DEVICE_FAMILY = "1,2";
			};
			name = Release;
		};
/* End XCBuildConfiguration section */

/* Begin XCConfigurationList section */
		49519F552589B24100CF9E4F /* Build configuration list for PBXProject "Fructus" */ = {
			isa = XCConfigurationList;
			buildConfigurations = (
				49519F672589B24100CF9E4F /* Debug */,
				49519F682589B24100CF9E4F /* Release */,
			);
			defaultConfigurationIsVisible = 0;
			defaultConfigurationName = Release;
		};
		49519F692589B24100CF9E4F /* Build configuration list for PBXNativeTarget "Fructus" */ = {
			isa = XCConfigurationList;
			buildConfigurations = (
				49519F6A2589B24100CF9E4F /* Debug */,
				49519F6B2589B24100CF9E4F /* Release */,
			);
			defaultConfigurationIsVisible = 0;
			defaultConfigurationName = Release;
		};
/* End XCConfigurationList section */
	};
	rootObject = 49519F522589B24100CF9E4F /* Project object */;
}
